
Microsoft Visual Studio Solution File, Format Version 12.00
# Visual Studio Version 16
VisualStudioVersion = 16.0.29001.49
MinimumVisualStudioVersion = 10.0.40219.1
Project("{FAE04EC0-301F-11D3-BF4B-00C04F79EFBC}") = "InterfazDinamica", "InterfazDinamica\InterfazDinamica.csproj", "{2588AD3E-5C56-4C92-A428-D7D227EFF86E}"
EndProject
Global
	GlobalSection(SolutionConfigurationPlatforms) = preSolution
		Debug|Any CPU = Debug|Any CPU
		Release|Any CPU = Release|Any CPU
	EndGlobalSection
	GlobalSection(ProjectConfigurationPlatforms) = postSolution
		{2588AD3E-5C56-4C92-A428-D7D227EFF86E}.Debug|Any CPU.ActiveCfg = Debug|Any CPU
		{2588AD3E-5C56-4C92-A428-D7D227EFF86E}.Debug|Any CPU.Build.0 = Debug|Any CPU
		{2588AD3E-5C56-4C92-A428-D7D227EFF86E}.Release|Any CPU.ActiveCfg = Release|Any CPU
		{2588AD3E-5C56-4C92-A428-D7D227EFF86E}.Release|Any CPU.Build.0 = Release|Any CPU
	EndGlobalSection
	GlobalSection(SolutionProperties) = preSolution
		HideSolutionNode = FALSE
	EndGlobalSection
	GlobalSection(ExtensibilityGlobals) = postSolution
		SolutionGuid = {4F772B3E-D8F2-4CF1-A968-DF58C6AB7BA2}
	EndGlobalSection
EndGlobal
